// !$*UTF8*$!
{
	archiveVersion = 1;
	classes = {
	};
	objectVersion = 46;
	objects = {

/* Begin PBXBuildFile section */
		338B83491DED16E00018466F /* AppDelegate.swift in Sources */ = {isa = PBXBuildFile; fileRef = 338B83481DED16E00018466F /* AppDelegate.swift */; };
		338B834B1DED16E00018466F /* ViewController.swift in Sources */ = {isa = PBXBuildFile; fileRef = 338B834A1DED16E00018466F /* ViewController.swift */; };
		338B834E1DED16E00018466F /* Main.storyboard in Resources */ = {isa = PBXBuildFile; fileRef = 338B834C1DED16E00018466F /* Main.storyboard */; };
		338B83501DED16E00018466F /* Assets.xcassets in Resources */ = {isa = PBXBuildFile; fileRef = 338B834F1DED16E00018466F /* Assets.xcassets */; };
		338B83531DED16E00018466F /* LaunchScreen.storyboard in Resources */ = {isa = PBXBuildFile; fileRef = 338B83511DED16E00018466F /* LaunchScreen.storyboard */; };
/* End PBXBuildFile section */

/* Begin PBXFileReference section */
		338B83451DED16E00018466F /* SulongBLE.app */ = {isa = PBXFileReference; explicitFileType = wrapper.application; includeInIndex = 0; path = SulongBLE.app; sourceTree = BUILT_PRODUCTS_DIR; };
		338B83481DED16E00018466F /* AppDelegate.swift */ = {isa = PBXFileReference; lastKnownFileType = sourcecode.swift; path = AppDelegate.swift; sourceTree = "<group>"; };
		338B834A1DED16E00018466F /* ViewController.swift */ = {isa = PBXFileReference; lastKnownFileType = sourcecode.swift; path = ViewController.swift; sourceTree = "<group>"; };
		338B834D1DED16E00018466F /* Base */ = {isa = PBXFileReference; lastKnownFileType = file.storyboard; name = Base; path = Base.lproj/Main.storyboard; sourceTree = "<group>"; };
		338B834F1DED16E00018466F /* Assets.xcassets */ = {isa = PBXFileReference; lastKnownFileType = folder.assetcatalog; path = Assets.xcassets; sourceTree = "<group>"; };
		338B83521DED16E00018466F /* Base */ = {isa = PBXFileReference; lastKnownFileType = file.storyboard; name = Base; path = Base.lproj/LaunchScreen.storyboard; sourceTree = "<group>"; };
		338B83541DED16E00018466F /* Info.plist */ = {isa = PBXFileReference; lastKnownFileType = text.plist.xml; path = Info.plist; sourceTree = "<group>"; };
/* End PBXFileReference section */

/* Begin PBXFrameworksBuildPhase section */
		338B83421DED16DF0018466F /* Frameworks */ = {
			isa = PBXFrameworksBuildPhase;
			buildActionMask = 2147483647;
			files = (
			);
			runOnlyForDeploymentPostprocessing = 0;
		};
/* End PBXFrameworksBuildPhase section */

/* Begin PBXGroup section */
		338B833C1DED16DF0018466F = {
			isa = PBXGroup;
			children = (
				338B83471DED16E00018466F /* SulongBLE */,
				338B83461DED16E00018466F /* Products */,
			);
			sourceTree = "<group>";
		};
		338B83461DED16E00018466F /* Products */ = {
			isa = PBXGroup;
			children = (
				338B83451DED16E00018466F /* SulongBLE.app */,
			);
			name = Products;
			sourceTree = "<group>";
		};
		338B83471DED16E00018466F /* SulongBLE */ = {
			isa = PBXGroup;
			children = (
				338B83481DED16E00018466F /* AppDelegate.swift */,
				338B834A1DED16E00018466F /* ViewController.swift */,
				338B834C1DED16E00018466F /* Main.storyboard */,
				338B834F1DED16E00018466F /* Assets.xcassets */,
				338B83511DED16E00018466F /* LaunchScreen.storyboard */,
				338B83541DED16E00018466F /* Info.plist */,
			);
			path = SulongBLE;
			sourceTree = "<group>";
		};
/* End PBXGroup section */

/* Begin PBXNativeTarget section */
		338B83441DED16DF0018466F /* SulongBLE */ = {
			isa = PBXNativeTarget;
			buildConfigurationList = 338B83571DED16E00018466F /* Build configuration list for PBXNativeTarget "SulongBLE" */;
			buildPhases = (
				338B83411DED16DF0018466F /* Sources */,
				338B83421DED16DF0018466F /* Frameworks */,
				338B83431DED16DF0018466F /* Resources */,
			);
			buildRules = (
			);
			dependencies = (
			);
			name = SulongBLE;
			productName = SulongBLE;
			productReference = 338B83451DED16E00018466F /* SulongBLE.app */;
			productType = "com.apple.product-type.application";
		};
/* End PBXNativeTarget section */

/* Begin PBXProject section */
		338B833D1DED16DF0018466F /* Project object */ = {
			isa = PBXProject;
			attributes = {
				LastSwiftUpdateCheck = 0810;
				LastUpgradeCheck = 0810;
				ORGANIZATIONNAME = YangGump;
				TargetAttributes = {
					338B83441DED16DF0018466F = {
						CreatedOnToolsVersion = 8.1;
						DevelopmentTeam = 2AKQA66585;
						ProvisioningStyle = Automatic;
					};
				};
			};
			buildConfigurationList = 338B83401DED16DF0018466F /* Build configuration list for PBXProject "SulongBLE" */;
			compatibilityVersion = "Xcode 3.2";
			developmentRegion = English;
			hasScannedForEncodings = 0;
			knownRegions = (
				en,
				Base,
			);
			mainGroup = 338B833C1DED16DF0018466F;
			productRefGroup = 338B83461DED16E00018466F /* Products */;
			projectDirPath = "";
			projectRoot = "";
			targets = (
				338B83441DED16DF0018466F /* SulongBLE */,
			);
		};
/* End PBXProject section */

/* Begin PBXResourcesBuildPhase section */
		338B83431DED16DF0018466F /* Resources */ = {
			isa = PBXResourcesBuildPhase;
			buildActionMask = 2147483647;
			files = (
				338B83531DED16E00018466F /* LaunchScreen.storyboard in Resources */,
				338B83501DED16E00018466F /* Assets.xcassets in Resources */,
				338B834E1DED16E00018466F /* Main.storyboard in Resources */,
			);
			runOnlyForDeploymentPostprocessing = 0;
		};
/* End PBXResourcesBuildPhase section */

/* Begin PBXSourcesBuildPhase section */
		338B83411DED16DF0018466F /* Sources */ = {
			isa = PBXSourcesBuildPhase;
			buildActionMask = 2147483647;
			files = (
				338B834B1DED16E00018466F /* ViewController.swift in Sources */,
				338B83491DED16E00018466F /* AppDelegate.swift in Sources */,
			);
			runOnlyForDeploymentPostprocessing = 0;
		};
/* End PBXSourcesBuildPhase section */

/* Begin PBXVariantGroup section */
		338B834C1DED16E00018466F /* Main.storyboard */ = {
			isa = PBXVariantGroup;
			children = (
				338B834D1DED16E00018466F /* Base */,
			);
			name = Main.storyboard;
			sourceTree = "<group>";
		};
		338B83511DED16E00018466F /* LaunchScreen.storyboard */ = {
			isa = PBXVariantGroup;
			children = (
				338B83521DED16E00018466F /* Base */,
			);
			name = LaunchScreen.storyboard;
			sourceTree = "<group>";
		};
/* End PBXVariantGroup section */

/* Begin XCBuildConfiguration section */
		338B83551DED16E00018466F /* Debug */ = {
			isa = XCBuildConfiguration;
			buildSettings = {
				ALWAYS_SEARCH_USER_PATHS = NO;
				CLANG_ANALYZER_NONNULL = YES;
				CLANG_CXX_LANGUAGE_STANDARD = "gnu++0x";
				CLANG_CXX_LIBRARY = "libc++";
				CLANG_ENABLE_MODULES = YES;
				CLANG_ENABLE_OBJC_ARC = YES;
				CLANG_WARN_BOOL_CONVERSION = YES;
				CLANG_WARN_CONSTANT_CONVERSION = YES;
				CLANG_WARN_DIRECT_OBJC_ISA_USAGE = YES_ERROR;
				CLANG_WARN_DOCUMENTATION_COMMENTS = YES;
				CLANG_WARN_EMPTY_BODY = YES;
				CLANG_WARN_ENUM_CONVERSION = YES;
				CLANG_WARN_INFINITE_RECURSION = YES;
				CLANG_WARN_INT_CONVERSION = YES;
				CLANG_WARN_OBJC_ROOT_CLASS = YES_ERROR;
				CLANG_WARN_SUSPICIOUS_MOVES = YES;
				CLANG_WARN_UNREACHABLE_CODE = YES;
				CLANG_WARN__DUPLICATE_METHOD_MATCH = YES;
				"CODE_SIGN_IDENTITY[sdk=iphoneos*]" = "iPhone Developer";
				COPY_PHASE_STRIP = NO;
				DEBUG_INFORMATION_FORMAT = dwarf;
				ENABLE_STRICT_OBJC_MSGSEND = YES;
				ENABLE_TESTABILITY = YES;
				GCC_C_LANGUAGE_STANDARD = gnu99;
				GCC_DYNAMIC_NO_PIC = NO;
				GCC_NO_COMMON_BLOCKS = YES;
				GCC_OPTIMIZATION_LEVEL = 0;
				GCC_PREPROCESSOR_DEFINITIONS = (
					"DEBUG=1",
					"$(inherited)",
				);
				GCC_WARN_64_TO_32_BIT_CONVERSION = YES;
				GCC_WARN_ABOUT_RETURN_TYPE = YES_ERROR;
				GCC_WARN_UNDECLARED_SELECTOR = YES;
				GCC_WARN_UNINITIALIZED_AUTOS = YES_AGGRESSIVE;
				GCC_WARN_UNUSED_FUNCTION = YES;
				GCC_WARN_UNUSED_VARIABLE = YES;
				IPHONEOS_DEPLOYMENT_TARGET = 10.1;
				MTL_ENABLE_DEBUG_INFO = YES;
				ONLY_ACTIVE_ARCH = YES;
				SDKROOT = iphoneos;
				SWIFT_ACTIVE_COMPILATION_CONDITIONS = DEBUG;
				SWIFT_OPTIMIZATION_LEVEL = "-Onone";
				TARGETED_DEVICE_FAMILY = "1,2";
			};
			name = Debug;
		};
		338B83561DED16E00018466F /* Release */ = {
			isa = XCBuildConfiguration;
			buildSettings = {
				ALWAYS_SEARCH_USER_PATHS = NO;
				CLANG_ANALYZER_NONNULL = YES;
				CLANG_CXX_LANGUAGE_STANDARD = "gnu++0x";
				CLANG_CXX_LIBRARY = "libc++";
				CLANG_ENABLE_MODULES = YES;
				CLANG_ENABLE_OBJC_ARC = YES;
				CLANG_WARN_BOOL_CONVERSION = YES;
				CLANG_WARN_CONSTANT_CONVERSION = YES;
				CLANG_WARN_DIRECT_OBJC_ISA_USAGE = YES_ERROR;
				CLANG_WARN_DOCUMENTATION_COMMENTS = YES;
				CLANG_WARN_EMPTY_BODY = YES;
				CLANG_WARN_ENUM_CONVERSION = YES;
				CLANG_WARN_INFINITE_RECURSION = YES;
				CLANG_WARN_INT_CONVERSION = YES;
				CLANG_WARN_OBJC_ROOT_CLASS = YES_ERROR;
				CLANG_WARN_SUSPICIOUS_MOVES = YES;
				CLANG_WARN_UNREACHABLE_CODE = YES;
				CLANG_WARN__DUPLICATE_METHOD_MATCH = YES;
				"CODE_SIGN_IDENTITY[sdk=iphoneos*]" = "iPhone Developer";
				COPY_PHASE_STRIP = NO;
				DEBUG_INFORMATION_FORMAT = "dwarf-with-dsym";
				ENABLE_NS_ASSERTIONS = NO;
				ENABLE_STRICT_OBJC_MSGSEND = YES;
				GCC_C_LANGUAGE_STANDARD = gnu99;
				GCC_NO_COMMON_BLOCKS = YES;
				GCC_WARN_64_TO_32_BIT_CONVERSION = YES;
				GCC_WARN_ABOUT_RETURN_TYPE = YES_ERROR;
				GCC_WARN_UNDECLARED_SELECTOR = YES;
				GCC_WARN_UNINITIALIZED_AUTOS = YES_AGGRESSIVE;
				GCC_WARN_UNUSED_FUNCTION = YES;
				GCC_WARN_UNUSED_VARIABLE = YES;
				IPHONEOS_DEPLOYMENT_TARGET = 10.1;
				MTL_ENABLE_DEBUG_INFO = NO;
				SDKROOT = iphoneos;
				SWIFT_OPTIMIZATION_LEVEL = "-Owholemodule";
				TARGETED_DEVICE_FAMILY = "1,2";
				VALIDATE_PRODUCT = YES;
			};
			name = Release;
		};
		338B83581DED16E00018466F /* Debug */ = {
			isa = XCBuildConfiguration;
			buildSettings = {
				ASSETCATALOG_COMPILER_APPICON_NAME = AppIcon;
				DEVELOPMENT_TEAM = 2AKQA66585;
				INFOPLIST_FILE = SulongBLE/Info.plist;
				IPHONEOS_DEPLOYMENT_TARGET = 8.0;
				LD_RUNPATH_SEARCH_PATHS = "$(inherited) @executable_path/Frameworks";
				PRODUCT_BUNDLE_IDENTIFIER = com.gumpyang.sulong.yeetc.swift.SulongBLE;
				PRODUCT_NAME = "$(TARGET_NAME)";
				SWIFT_VERSION = 3.0;
			};
			name = Debug;
		};
		338B83591DED16E00018466F /* Release */ = {
			isa = XCBuildConfiguration;
			buildSettings = {
				ASSETCATALOG_COMPILER_APPICON_NAME = AppIcon;
				DEVELOPMENT_TEAM = 2AKQA66585;
				INFOPLIST_FILE = SulongBLE/Info.plist;
				IPHONEOS_DEPLOYMENT_TARGET = 8.0;
				LD_RUNPATH_SEARCH_PATHS = "$(inherited) @executable_path/Frameworks";
				PRODUCT_BUNDLE_IDENTIFIER = com.gumpyang.sulong.yeetc.swift.SulongBLE;
				PRODUCT_NAME = "$(TARGET_NAME)";
				SWIFT_VERSION = 3.0;
			};
			name = Release;
		};
/* End XCBuildConfiguration section */

/* Begin XCConfigurationList section */
		338B83401DED16DF0018466F /* Build configuration list for PBXProject "SulongBLE" */ = {
			isa = XCConfigurationList;
			buildConfigurations = (
				338B83551DED16E00018466F /* Debug */,
				338B83561DED16E00018466F /* Release */,
			);
			defaultConfigurationIsVisible = 0;
			defaultConfigurationName = Release;
		};
		338B83571DED16E00018466F /* Build configuration list for PBXNativeTarget "SulongBLE" */ = {
			isa = XCConfigurationList;
			buildConfigurations = (
				338B83581DED16E00018466F /* Debug */,
				338B83591DED16E00018466F /* Release */,
			);
			defaultConfigurationIsVisible = 0;
		};
/* End XCConfigurationList section */
	};
	rootObject = 338B833D1DED16DF0018466F /* Project object */;
}
